
Microsoft Visual Studio Solution File, Format Version 12.00
# Visual Studio 15
VisualStudioVersion = 15.0.26430.16
MinimumVisualStudioVersion = 10.0.40219.1
Project("{FAE04EC0-301F-11D3-BF4B-00C04F79EFBC}") = "Lux", "Lux.csproj", "{BC78D42E-B700-4CCA-BA5E-71AC1B8AFFBA}"
EndProject
Global
	GlobalSection(SolutionConfigurationPlatforms) = preSolution
		Debug|Any CPU = Debug|Any CPU
		Release|Any CPU = Release|Any CPU
	EndGlobalSection
	GlobalSection(ProjectConfigurationPlatforms) = postSolution
		{BC78D42E-B700-4CCA-BA5E-71AC1B8AFFBA}.Debug|Any CPU.ActiveCfg = Debug|Any CPU
		{BC78D42E-B700-4CCA-BA5E-71AC1B8AFFBA}.Debug|Any CPU.Build.0 = Debug|Any CPU
		{BC78D42E-B700-4CCA-BA5E-71AC1B8AFFBA}.Release|Any CPU.ActiveCfg = Release|Any CPU
		{BC78D42E-B700-4CCA-BA5E-71AC1B8AFFBA}.Release|Any CPU.Build.0 = Release|Any CPU
	EndGlobalSection
	GlobalSection(SolutionProperties) = preSolution
		HideSolutionNode = FALSE
	EndGlobalSection
EndGlobal
